// !$*UTF8*$!
{
	archiveVersion = 1;
	classes = {
	};
	objectVersion = 77;
	objects = {

/* Begin PBXBuildFile section */
		501D30101E96C00000DE30A6 /* acidwarp.c in Sources */ = {isa = PBXBuildFile; fileRef = 501D30021E96C00000DE30A6 /* acidwarp.c */; };
		501D30111E96C00000DE30A6 /* bit_map.c in Sources */ = {isa = PBXBuildFile; fileRef = 501D30031E96C00000DE30A6 /* bit_map.c */; };
		501D30121E96C00000DE30A6 /* display.c in Sources */ = {isa = PBXBuildFile; fileRef = 501D30041E96C00000DE30A6 /* display.c */; };
		501D30131E96C00000DE30A6 /* draw.c in Sources */ = {isa = PBXBuildFile; fileRef = 501D30051E96C00000DE30A6 /* draw.c */; };
		501D30141E96C00000DE30A6 /* gen_img.c in Sources */ = {isa = PBXBuildFile; fileRef = 501D30061E96C00000DE30A6 /* gen_img.c */; };
		501D30151E96C00000DE30A6 /* img_float.c in Sources */ = {isa = PBXBuildFile; fileRef = 501D30071E96C00000DE30A6 /* img_float.c */; };
		501D30161E96C00000DE30A6 /* palinit.c in Sources */ = {isa = PBXBuildFile; fileRef = 501D30081E96C00000DE30A6 /* palinit.c */; };
		501D30171E96C00000DE30A6 /* rolnfade.c in Sources */ = {isa = PBXBuildFile; fileRef = 501D30091E96C00000DE30A6 /* rolnfade.c */; };
		501D30181E96C00000DE30A6 /* warp_text.c in Sources */ = {isa = PBXBuildFile; fileRef = 501D300A1E96C00000DE30A6 /* warp_text.c */; };
		506E5CAB2E91BAD300F39B20 /* SDL3.xcframework in Frameworks */ = {isa = PBXBuildFile; fileRef = 506E5CAA2E91BAD300F39B20 /* SDL3.xcframework */; };
		506E5CAC2E91BAD300F39B20 /* SDL3.xcframework in Embed Frameworks */ = {isa = PBXBuildFile; fileRef = 506E5CAA2E91BAD300F39B20 /* SDL3.xcframework */; settings = {ATTRIBUTES = (CodeSignOnCopy, RemoveHeadersOnCopy, ); }; };
/* End PBXBuildFile section */

/* Begin PBXContainerItemProxy section */
		506E5C602E91B90800F39B20 /* PBXContainerItemProxy */ = {
			isa = PBXContainerItemProxy;
			containerPortal = 506E5C462E91B90700F39B20 /* Project object */;
			proxyType = 1;
			remoteGlobalIDString = 506E5C4D2E91B90700F39B20;
			remoteInfo = acidwarp;
		};
		506E5C6A2E91B90800F39B20 /* PBXContainerItemProxy */ = {
			isa = PBXContainerItemProxy;
			containerPortal = 506E5C462E91B90700F39B20 /* Project object */;
			proxyType = 1;
			remoteGlobalIDString = 506E5C4D2E91B90700F39B20;
			remoteInfo = acidwarp;
		};
/* End PBXContainerItemProxy section */

/* Begin PBXCopyFilesBuildPhase section */
		501D302A2E96BF9800DE30A6 /* CopyFiles */ = {
			isa = PBXCopyFilesBuildPhase;
			buildActionMask = 2147483647;
			dstPath = "";
			dstSubfolderSpec = 7;
			files = (
			);
			runOnlyForDeploymentPostprocessing = 0;
		};
		506E5CAD2E91BAD300F39B20 /* Embed Frameworks */ = {
			isa = PBXCopyFilesBuildPhase;
			buildActionMask = 2147483647;
			dstPath = "";
			dstSubfolderSpec = 10;
			files = (
				506E5CAC2E91BAD300F39B20 /* SDL3.xcframework in Embed Frameworks */,
			);
			name = "Embed Frameworks";
			runOnlyForDeploymentPostprocessing = 0;
		};
/* End PBXCopyFilesBuildPhase section */

/* Begin PBXFileReference section */
		501D30021E96C00000DE30A6 /* acidwarp.c */ = {isa = PBXFileReference; fileEncoding = 4; lastKnownFileType = sourcecode.c.c; name = acidwarp.c; path = acidwarp/acidwarp/acidwarp.c; sourceTree = "<group>"; };
		501D30031E96C00000DE30A6 /* bit_map.c */ = {isa = PBXFileReference; fileEncoding = 4; lastKnownFileType = sourcecode.c.c; name = bit_map.c; path = acidwarp/acidwarp/bit_map.c; sourceTree = "<group>"; };
		501D30041E96C00000DE30A6 /* display.c */ = {isa = PBXFileReference; fileEncoding = 4; lastKnownFileType = sourcecode.c.c; name = display.c; path = acidwarp/acidwarp/display.c; sourceTree = "<group>"; };
		501D30051E96C00000DE30A6 /* draw.c */ = {isa = PBXFileReference; fileEncoding = 4; lastKnownFileType = sourcecode.c.c; name = draw.c; path = acidwarp/acidwarp/draw.c; sourceTree = "<group>"; };
		501D30061E96C00000DE30A6 /* gen_img.c */ = {isa = PBXFileReference; fileEncoding = 4; lastKnownFileType = sourcecode.c.c; name = gen_img.c; path = acidwarp/acidwarp/gen_img.c; sourceTree = "<group>"; };
		501D30071E96C00000DE30A6 /* img_float.c */ = {isa = PBXFileReference; fileEncoding = 4; lastKnownFileType = sourcecode.c.c; name = img_float.c; path = acidwarp/acidwarp/img_float.c; sourceTree = "<group>"; };
		501D30081E96C00000DE30A6 /* palinit.c */ = {isa = PBXFileReference; fileEncoding = 4; lastKnownFileType = sourcecode.c.c; name = palinit.c; path = acidwarp/acidwarp/palinit.c; sourceTree = "<group>"; };
		501D30091E96C00000DE30A6 /* rolnfade.c */ = {isa = PBXFileReference; fileEncoding = 4; lastKnownFileType = sourcecode.c.c; name = rolnfade.c; path = acidwarp/acidwarp/rolnfade.c; sourceTree = "<group>"; };
		501D300A1E96C00000DE30A6 /* warp_text.c */ = {isa = PBXFileReference; fileEncoding = 4; lastKnownFileType = sourcecode.c.c; name = warp_text.c; path = acidwarp/acidwarp/warp_text.c; sourceTree = "<group>"; };
		506E5C4E2E91B90700F39B20 /* Acid Warp.app */ = {isa = PBXFileReference; explicitFileType = wrapper.application; includeInIndex = 0; path = "Acid Warp.app"; sourceTree = BUILT_PRODUCTS_DIR; };
		506E5C5F2E91B90800F39B20 /* acidwarp-macosTests.xctest */ = {isa = PBXFileReference; explicitFileType = wrapper.cfbundle; includeInIndex = 0; path = "acidwarp-macosTests.xctest"; sourceTree = BUILT_PRODUCTS_DIR; };
		506E5C692E91B90800F39B20 /* acidwarp-macosUITests.xctest */ = {isa = PBXFileReference; explicitFileType = wrapper.cfbundle; includeInIndex = 0; path = "acidwarp-macosUITests.xctest"; sourceTree = BUILT_PRODUCTS_DIR; };
		506E5CAA2E91BAD300F39B20 /* SDL3.xcframework */ = {isa = PBXFileReference; lastKnownFileType = wrapper.xcframework; name = SDL3.xcframework; path = ../SDL3.xcframework; sourceTree = "<group>"; };
/* End PBXFileReference section */

/* Begin PBXFileSystemSynchronizedRootGroup section */
		506E5C502E91B90700F39B20 /* acidwarp */ = {
			isa = PBXFileSystemSynchronizedRootGroup;
			path = acidwarp;
			sourceTree = "<group>";
		};
		506E5C622E91B90800F39B20 /* acidwarpTests */ = {
			isa = PBXFileSystemSynchronizedRootGroup;
			path = acidwarpTests;
			sourceTree = "<group>";
		};
		506E5C6C2E91B90800F39B20 /* acidwarpUITests */ = {
			isa = PBXFileSystemSynchronizedRootGroup;
			path = acidwarpUITests;
			sourceTree = "<group>";
		};
/* End PBXFileSystemSynchronizedRootGroup section */

/* Begin PBXFrameworksBuildPhase section */
		506E5C4B2E91B90700F39B20 /* Frameworks */ = {
			isa = PBXFrameworksBuildPhase;
			buildActionMask = 2147483647;
			files = (
				506E5CAB2E91BAD300F39B20 /* SDL3.xcframework in Frameworks */,
			);
			runOnlyForDeploymentPostprocessing = 0;
		};
		506E5C5C2E91B90800F39B20 /* Frameworks */ = {
			isa = PBXFrameworksBuildPhase;
			buildActionMask = 2147483647;
			files = (
			);
			runOnlyForDeploymentPostprocessing = 0;
		};
		506E5C662E91B90800F39B20 /* Frameworks */ = {
			isa = PBXFrameworksBuildPhase;
			buildActionMask = 2147483647;
			files = (
			);
			runOnlyForDeploymentPostprocessing = 0;
		};
/* End PBXFrameworksBuildPhase section */

/* Begin PBXGroup section */
		506E5C452E91B90700F39B20 = {
			isa = PBXGroup;
			children = (
				506E5C502E91B90700F39B20 /* acidwarp */,
				506E5C622E91B90800F39B20 /* acidwarpTests */,
				506E5C6C2E91B90800F39B20 /* acidwarpUITests */,
				506E5CA92E91BAD300F39B20 /* Frameworks */,
				506E5C4F2E91B90700F39B20 /* Products */,
			);
			sourceTree = "<group>";
		};
		506E5C4F2E91B90700F39B20 /* Products */ = {
			isa = PBXGroup;
			children = (
				506E5C4E2E91B90700F39B20 /* Acid Warp.app */,
				506E5C5F2E91B90800F39B20 /* acidwarp-macosTests.xctest */,
				506E5C692E91B90800F39B20 /* acidwarp-macosUITests.xctest */,
			);
			name = Products;
			sourceTree = "<group>";
		};
		506E5CA92E91BAD300F39B20 /* Frameworks */ = {
			isa = PBXGroup;
			children = (
				506E5CAA2E91BAD300F39B20 /* SDL3.xcframework */,
			);
			name = Frameworks;
			sourceTree = "<group>";
		};
/* End PBXGroup section */

/* Begin PBXNativeTarget section */
		506E5C4D2E91B90700F39B20 /* acidwarp-macos */ = {
			isa = PBXNativeTarget;
			buildConfigurationList = 506E5C732E91B90800F39B20 /* Build configuration list for PBXNativeTarget "acidwarp-macos" */;
			buildPhases = (
				501D302A2E96BF9700DE30A6 /* Download SDL3 */,
				506E5C4A2E91B90700F39B20 /* Sources */,
				506E5C4B2E91B90700F39B20 /* Frameworks */,
				506E5C4C2E91B90700F39B20 /* Resources */,
				506E5CAD2E91BAD300F39B20 /* Embed Frameworks */,
				501D302A2E96BF9800DE30A6 /* CopyFiles */,
				501D302B2E96BFA500DE30A6 /* ShellScript */,
			);
			buildRules = (
			);
			dependencies = (
			);
			fileSystemSynchronizedGroups = (
				506E5C502E91B90700F39B20 /* acidwarp */,
			);
			name = "acidwarp-macos";
			packageProductDependencies = (
			);
			productName = "Acid Warp";
			productReference = 506E5C4E2E91B90700F39B20 /* Acid Warp.app */;
			productType = "com.apple.product-type.application";
		};
		506E5C5E2E91B90800F39B20 /* acidwarp-macosTests */ = {
			isa = PBXNativeTarget;
			buildConfigurationList = 506E5C762E91B90800F39B20 /* Build configuration list for PBXNativeTarget "acidwarp-macosTests" */;
			buildPhases = (
				506E5C5B2E91B90800F39B20 /* Sources */,
				506E5C5C2E91B90800F39B20 /* Frameworks */,
				506E5C5D2E91B90800F39B20 /* Resources */,
			);
			buildRules = (
			);
			dependencies = (
				506E5C612E91B90800F39B20 /* PBXTargetDependency */,
			);
			fileSystemSynchronizedGroups = (
				506E5C622E91B90800F39B20 /* acidwarpTests */,
			);
			name = "acidwarp-macosTests";
			packageProductDependencies = (
			);
			productName = acidwarpTests;
			productReference = 506E5C5F2E91B90800F39B20 /* acidwarp-macosTests.xctest */;
			productType = "com.apple.product-type.bundle.unit-test";
		};
		506E5C682E91B90800F39B20 /* acidwarp-macosUITests */ = {
			isa = PBXNativeTarget;
			buildConfigurationList = 506E5C792E91B90800F39B20 /* Build configuration list for PBXNativeTarget "acidwarp-macosUITests" */;
			buildPhases = (
				506E5C652E91B90800F39B20 /* Sources */,
				506E5C662E91B90800F39B20 /* Frameworks */,
				506E5C672E91B90800F39B20 /* Resources */,
			);
			buildRules = (
			);
			dependencies = (
				506E5C6B2E91B90800F39B20 /* PBXTargetDependency */,
			);
			fileSystemSynchronizedGroups = (
				506E5C6C2E91B90800F39B20 /* acidwarpUITests */,
			);
			name = "acidwarp-macosUITests";
			packageProductDependencies = (
			);
			productName = acidwarpUITests;
			productReference = 506E5C692E91B90800F39B20 /* acidwarp-macosUITests.xctest */;
			productType = "com.apple.product-type.bundle.ui-testing";
		};
/* End PBXNativeTarget section */

/* Begin PBXProject section */
		506E5C462E91B90700F39B20 /* Project object */ = {
			isa = PBXProject;
			attributes = {
				BuildIndependentTargetsInParallel = 1;
				LastUpgradeCheck = 2600;
				TargetAttributes = {
					506E5C4D2E91B90700F39B20 = {
						CreatedOnToolsVersion = 26.0;
					};
					506E5C5E2E91B90800F39B20 = {
						CreatedOnToolsVersion = 26.0;
						TestTargetID = 506E5C4D2E91B90700F39B20;
					};
					506E5C682E91B90800F39B20 = {
						CreatedOnToolsVersion = 26.0;
						TestTargetID = 506E5C4D2E91B90700F39B20;
					};
				};
			};
			buildConfigurationList = 506E5C492E91B90700F39B20 /* Build configuration list for PBXProject "acidwarp-macos" */;
			developmentRegion = en;
			hasScannedForEncodings = 0;
			knownRegions = (
				en,
				Base,
			);
			mainGroup = 506E5C452E91B90700F39B20;
			minimizedProjectReferenceProxies = 1;
			preferredProjectObjectVersion = 77;
			productRefGroup = 506E5C4F2E91B90700F39B20 /* Products */;
			projectDirPath = "";
			projectRoot = "";
			targets = (
				506E5C4D2E91B90700F39B20 /* acidwarp-macos */,
				506E5C5E2E91B90800F39B20 /* acidwarp-macosTests */,
				506E5C682E91B90800F39B20 /* acidwarp-macosUITests */,
			);
		};
/* End PBXProject section */

/* Begin PBXResourcesBuildPhase section */
		506E5C4C2E91B90700F39B20 /* Resources */ = {
			isa = PBXResourcesBuildPhase;
			buildActionMask = 2147483647;
			files = (
			);
			runOnlyForDeploymentPostprocessing = 0;
		};
		506E5C5D2E91B90800F39B20 /* Resources */ = {
			isa = PBXResourcesBuildPhase;
			buildActionMask = 2147483647;
			files = (
			);
			runOnlyForDeploymentPostprocessing = 0;
		};
		506E5C672E91B90800F39B20 /* Resources */ = {
			isa = PBXResourcesBuildPhase;
			buildActionMask = 2147483647;
			files = (
			);
			runOnlyForDeploymentPostprocessing = 0;
		};
/* End PBXResourcesBuildPhase section */

/* Begin PBXShellScriptBuildPhase section */
		501D302A2E96BF9700DE30A6 /* Download SDL3 */ = {
			isa = PBXShellScriptBuildPhase;
			alwaysOutOfDate = 1;
			buildActionMask = 2147483647;
			files = (
			);
			inputFileListPaths = (
			);
			inputPaths = (
			);
			name = "Download SDL3";
			outputFileListPaths = (
			);
			outputPaths = (
			);
			runOnlyForDeploymentPostprocessing = 0;
			sandboxingOverride = 0;
			shellPath = /bin/sh;
			shellScript = "cd \"$SRCROOT/..\" && ./download-sdl3-framework.sh\n";
		};
		501D302B2E96BFA500DE30A6 /* ShellScript */ = {
			isa = PBXShellScriptBuildPhase;
			buildActionMask = 2147483647;
			files = (
			);
			inputFileListPaths = (
			);
			inputPaths = (
			);
			outputFileListPaths = (
			);
			outputPaths = (
			);
			runOnlyForDeploymentPostprocessing = 0;
			shellPath = /bin/sh;
			shellScript = "dsymutil \"${BUILT_PRODUCTS_DIR}/${FRAMEWORKS_FOLDER_PATH}/SDL3.framework/SDL3\" -o \"${BUILT_PRODUCTS_DIR}/SDL3.framework.dSYM\"\n";
		};
/* End PBXShellScriptBuildPhase section */

/* Begin PBXSourcesBuildPhase section */
		506E5C4A2E91B90700F39B20 /* Sources */ = {
			isa = PBXSourcesBuildPhase;
			buildActionMask = 2147483647;
			files = (
				501D30101E96C00000DE30A6 /* acidwarp.c in Sources */,
				501D30111E96C00000DE30A6 /* bit_map.c in Sources */,
				501D30121E96C00000DE30A6 /* display.c in Sources */,
				501D30131E96C00000DE30A6 /* draw.c in Sources */,
				501D30141E96C00000DE30A6 /* gen_img.c in Sources */,
				501D30151E96C00000DE30A6 /* img_float.c in Sources */,
				501D30161E96C00000DE30A6 /* palinit.c in Sources */,
				501D30171E96C00000DE30A6 /* rolnfade.c in Sources */,
				501D30181E96C00000DE30A6 /* warp_text.c in Sources */,
			);
			runOnlyForDeploymentPostprocessing = 0;
		};
		506E5C5B2E91B90800F39B20 /* Sources */ = {
			isa = PBXSourcesBuildPhase;
			buildActionMask = 2147483647;
			files = (
			);
			runOnlyForDeploymentPostprocessing = 0;
		};
		506E5C652E91B90800F39B20 /* Sources */ = {
			isa = PBXSourcesBuildPhase;
			buildActionMask = 2147483647;
			files = (
			);
			runOnlyForDeploymentPostprocessing = 0;
		};
/* End PBXSourcesBuildPhase section */

/* Begin PBXTargetDependency section */
		506E5C612E91B90800F39B20 /* PBXTargetDependency */ = {
			isa = PBXTargetDependency;
			target = 506E5C4D2E91B90700F39B20 /* acidwarp-macos */;
			targetProxy = 506E5C602E91B90800F39B20 /* PBXContainerItemProxy */;
		};
		506E5C6B2E91B90800F39B20 /* PBXTargetDependency */ = {
			isa = PBXTargetDependency;
			target = 506E5C4D2E91B90700F39B20 /* acidwarp-macos */;
			targetProxy = 506E5C6A2E91B90800F39B20 /* PBXContainerItemProxy */;
		};
/* End PBXTargetDependency section */

/* Begin XCBuildConfiguration section */
		506E5C712E91B90800F39B20 /* Debug */ = {
			isa = XCBuildConfiguration;
			buildSettings = {
				ALWAYS_SEARCH_USER_PATHS = NO;
				ASSETCATALOG_COMPILER_GENERATE_SWIFT_ASSET_SYMBOL_EXTENSIONS = YES;
				CLANG_ANALYZER_NONNULL = YES;
				CLANG_ANALYZER_NUMBER_OBJECT_CONVERSION = YES_AGGRESSIVE;
				CLANG_CXX_LANGUAGE_STANDARD = "gnu++20";
				CLANG_ENABLE_MODULES = YES;
				CLANG_ENABLE_OBJC_ARC = YES;
				CLANG_ENABLE_OBJC_WEAK = YES;
				CLANG_WARN_BLOCK_CAPTURE_AUTORELEASING = YES;
				CLANG_WARN_BOOL_CONVERSION = YES;
				CLANG_WARN_COMMA = YES;
				CLANG_WARN_CONSTANT_CONVERSION = YES;
				CLANG_WARN_DEPRECATED_OBJC_IMPLEMENTATIONS = YES;
				CLANG_WARN_DIRECT_OBJC_ISA_USAGE = YES_ERROR;
				CLANG_WARN_DOCUMENTATION_COMMENTS = YES;
				CLANG_WARN_EMPTY_BODY = YES;
				CLANG_WARN_ENUM_CONVERSION = YES;
				CLANG_WARN_INFINITE_RECURSION = YES;
				CLANG_WARN_INT_CONVERSION = YES;
				CLANG_WARN_NON_LITERAL_NULL_CONVERSION = YES;
				CLANG_WARN_OBJC_IMPLICIT_RETAIN_SELF = YES;
				CLANG_WARN_OBJC_LITERAL_CONVERSION = YES;
				CLANG_WARN_OBJC_ROOT_CLASS = YES_ERROR;
				CLANG_WARN_QUOTED_INCLUDE_IN_FRAMEWORK_HEADER = YES;
				CLANG_WARN_RANGE_LOOP_ANALYSIS = YES;
				CLANG_WARN_STRICT_PROTOTYPES = YES;
				CLANG_WARN_SUSPICIOUS_MOVE = YES;
				CLANG_WARN_UNGUARDED_AVAILABILITY = YES_AGGRESSIVE;
				CLANG_WARN_UNREACHABLE_CODE = YES;
				CLANG_WARN__DUPLICATE_METHOD_MATCH = YES;
				COPY_PHASE_STRIP = NO;
				DEBUG_INFORMATION_FORMAT = dwarf;
				DEVELOPMENT_TEAM = V4H3G6CSTR;
				ENABLE_STRICT_OBJC_MSGSEND = YES;
				ENABLE_TESTABILITY = YES;
				ENABLE_USER_SCRIPT_SANDBOXING = YES;
				GCC_C_LANGUAGE_STANDARD = gnu17;
				GCC_DYNAMIC_NO_PIC = NO;
				GCC_NO_COMMON_BLOCKS = YES;
				GCC_OPTIMIZATION_LEVEL = 0;
				GCC_PREPROCESSOR_DEFINITIONS = (
					"DEBUG=1",
					"$(inherited)",
				);
				GCC_WARN_64_TO_32_BIT_CONVERSION = YES;
				GCC_WARN_ABOUT_RETURN_TYPE = YES_ERROR;
				GCC_WARN_UNDECLARED_SELECTOR = YES;
				GCC_WARN_UNINITIALIZED_AUTOS = YES_AGGRESSIVE;
				GCC_WARN_UNUSED_FUNCTION = YES;
				GCC_WARN_UNUSED_VARIABLE = YES;
				LOCALIZATION_PREFERS_STRING_CATALOGS = YES;
				MACOSX_DEPLOYMENT_TARGET = 26.0;
				MTL_ENABLE_DEBUG_INFO = INCLUDE_SOURCE;
				MTL_FAST_MATH = YES;
				ONLY_ACTIVE_ARCH = YES;
				SDKROOT = macosx;
			};
			name = Debug;
		};
		506E5C722E91B90800F39B20 /* Release */ = {
			isa = XCBuildConfiguration;
			buildSettings = {
				ALWAYS_SEARCH_USER_PATHS = NO;
				ASSETCATALOG_COMPILER_GENERATE_SWIFT_ASSET_SYMBOL_EXTENSIONS = YES;
				CLANG_ANALYZER_NONNULL = YES;
				CLANG_ANALYZER_NUMBER_OBJECT_CONVERSION = YES_AGGRESSIVE;
				CLANG_CXX_LANGUAGE_STANDARD = "gnu++20";
				CLANG_ENABLE_MODULES = YES;
				CLANG_ENABLE_OBJC_ARC = YES;
				CLANG_ENABLE_OBJC_WEAK = YES;
				CLANG_WARN_BLOCK_CAPTURE_AUTORELEASING = YES;
				CLANG_WARN_BOOL_CONVERSION = YES;
				CLANG_WARN_COMMA = YES;
				CLANG_WARN_CONSTANT_CONVERSION = YES;
				CLANG_WARN_DEPRECATED_OBJC_IMPLEMENTATIONS = YES;
				CLANG_WARN_DIRECT_OBJC_ISA_USAGE = YES_ERROR;
				CLANG_WARN_DOCUMENTATION_COMMENTS = YES;
				CLANG_WARN_EMPTY_BODY = YES;
				CLANG_WARN_ENUM_CONVERSION = YES;
				CLANG_WARN_INFINITE_RECURSION = YES;
				CLANG_WARN_INT_CONVERSION = YES;
				CLANG_WARN_NON_LITERAL_NULL_CONVERSION = YES;
				CLANG_WARN_OBJC_IMPLICIT_RETAIN_SELF = YES;
				CLANG_WARN_OBJC_LITERAL_CONVERSION = YES;
				CLANG_WARN_OBJC_ROOT_CLASS = YES_ERROR;
				CLANG_WARN_QUOTED_INCLUDE_IN_FRAMEWORK_HEADER = YES;
				CLANG_WARN_RANGE_LOOP_ANALYSIS = YES;
				CLANG_WARN_STRICT_PROTOTYPES = YES;
				CLANG_WARN_SUSPICIOUS_MOVE = YES;
				CLANG_WARN_UNGUARDED_AVAILABILITY = YES_AGGRESSIVE;
				CLANG_WARN_UNREACHABLE_CODE = YES;
				CLANG_WARN__DUPLICATE_METHOD_MATCH = YES;
				COPY_PHASE_STRIP = NO;
				DEBUG_INFORMATION_FORMAT = "dwarf-with-dsym";
				DEVELOPMENT_TEAM = V4H3G6CSTR;
				ENABLE_NS_ASSERTIONS = NO;
				ENABLE_STRICT_OBJC_MSGSEND = YES;
				ENABLE_USER_SCRIPT_SANDBOXING = YES;
				GCC_C_LANGUAGE_STANDARD = gnu17;
				GCC_NO_COMMON_BLOCKS = YES;
				GCC_WARN_64_TO_32_BIT_CONVERSION = YES;
				GCC_WARN_ABOUT_RETURN_TYPE = YES_ERROR;
				GCC_WARN_UNDECLARED_SELECTOR = YES;
				GCC_WARN_UNINITIALIZED_AUTOS = YES_AGGRESSIVE;
				GCC_WARN_UNUSED_FUNCTION = YES;
				GCC_WARN_UNUSED_VARIABLE = YES;
				LOCALIZATION_PREFERS_STRING_CATALOGS = YES;
				MACOSX_DEPLOYMENT_TARGET = 26.0;
				MTL_ENABLE_DEBUG_INFO = NO;
				MTL_FAST_MATH = YES;
				SDKROOT = macosx;
			};
			name = Release;
		};
		506E5C742E91B90800F39B20 /* Debug */ = {
			isa = XCBuildConfiguration;
			buildSettings = {
				ASSETCATALOG_COMPILER_APPICON_NAME = AppIcon;
				ASSETCATALOG_COMPILER_GLOBAL_ACCENT_COLOR_NAME = AccentColor;
				"CODE_SIGN_IDENTITY[sdk=macosx*]" = "Apple Development";
				CODE_SIGN_STYLE = Automatic;
				COMBINE_HIDPI_IMAGES = YES;
				CURRENT_PROJECT_VERSION = 1;
				DEVELOPMENT_TEAM = V4H3G6CSTR;
				ENABLE_APP_SANDBOX = YES;
				ENABLE_HARDENED_RUNTIME = YES;
				ENABLE_USER_SCRIPT_SANDBOXING = NO;
				ENABLE_USER_SELECTED_FILES = readonly;
				GENERATE_INFOPLIST_FILE = YES;
				INFOPLIST_KEY_CFBundleDisplayName = "Acid Warp";
				INFOPLIST_KEY_LSApplicationCategoryType = "public.app-category.entertainment";
				INFOPLIST_KEY_NSHumanReadableCopyright = "(c) Copyright 1992, 1993 by Noah Spurrier.  macOS port by Matthew Zavislak.";
				INFOPLIST_KEY_NSPrincipalClass = NSApplication;
				LD_RUNPATH_SEARCH_PATHS = (
					"$(inherited)",
					"@executable_path/../Frameworks",
				);
				MACOSX_DEPLOYMENT_TARGET = 11.5;
				MARKETING_VERSION = 5.0.0;
				PRODUCT_BUNDLE_IDENTIFIER = com.dermochelys.acidwarp;
				PRODUCT_NAME = "Acid Warp";
				REGISTER_APP_GROUPS = YES;
				STRING_CATALOG_GENERATE_SYMBOLS = YES;
				SWIFT_EMIT_LOC_STRINGS = YES;
			};
			name = Debug;
		};
		506E5C752E91B90800F39B20 /* Release */ = {
			isa = XCBuildConfiguration;
			buildSettings = {
				ASSETCATALOG_COMPILER_APPICON_NAME = AppIcon;
				ASSETCATALOG_COMPILER_GLOBAL_ACCENT_COLOR_NAME = AccentColor;
				AUTOMATION_APPLE_EVENTS = NO;
				"CODE_SIGN_IDENTITY[sdk=macosx*]" = "Apple Development";
				CODE_SIGN_STYLE = Automatic;
				COMBINE_HIDPI_IMAGES = YES;
				CURRENT_PROJECT_VERSION = 1;
				DEVELOPMENT_TEAM = V4H3G6CSTR;
				ENABLE_APP_SANDBOX = YES;
				ENABLE_HARDENED_RUNTIME = YES;
				ENABLE_RESOURCE_ACCESS_AUDIO_INPUT = NO;
				ENABLE_RESOURCE_ACCESS_CALENDARS = NO;
				ENABLE_RESOURCE_ACCESS_CAMERA = NO;
				ENABLE_RESOURCE_ACCESS_CONTACTS = NO;
				ENABLE_RESOURCE_ACCESS_LOCATION = NO;
				ENABLE_RESOURCE_ACCESS_PHOTO_LIBRARY = NO;
				ENABLE_USER_SCRIPT_SANDBOXING = NO;
				ENABLE_USER_SELECTED_FILES = readonly;
				GENERATE_INFOPLIST_FILE = YES;
				INFOPLIST_KEY_CFBundleDisplayName = "Acid Warp";
				INFOPLIST_KEY_LSApplicationCategoryType = "public.app-category.entertainment";
				INFOPLIST_KEY_NSHumanReadableCopyright = "(c) Copyright 1992, 1993 by Noah Spurrier.  macOS port by Matthew Zavislak.";
				INFOPLIST_KEY_NSPrincipalClass = NSApplication;
				LD_RUNPATH_SEARCH_PATHS = (
					"$(inherited)",
					"@executable_path/../Frameworks",
				);
				MACOSX_DEPLOYMENT_TARGET = 11.5;
				MARKETING_VERSION = 5.0.0;
				PRODUCT_BUNDLE_IDENTIFIER = com.dermochelys.acidwarp;
				PRODUCT_NAME = "Acid Warp";
				REGISTER_APP_GROUPS = YES;
				RUNTIME_EXCEPTION_ALLOW_DYLD_ENVIRONMENT_VARIABLES = NO;
				RUNTIME_EXCEPTION_ALLOW_JIT = NO;
				RUNTIME_EXCEPTION_ALLOW_UNSIGNED_EXECUTABLE_MEMORY = NO;
				RUNTIME_EXCEPTION_DEBUGGING_TOOL = NO;
				RUNTIME_EXCEPTION_DISABLE_EXECUTABLE_PAGE_PROTECTION = NO;
				RUNTIME_EXCEPTION_DISABLE_LIBRARY_VALIDATION = NO;
				STRING_CATALOG_GENERATE_SYMBOLS = YES;
				SWIFT_EMIT_LOC_STRINGS = YES;
			};
			name = Release;
		};
		506E5C772E91B90800F39B20 /* Debug */ = {
			isa = XCBuildConfiguration;
			buildSettings = {
				BUNDLE_LOADER = "$(TEST_HOST)";
				CODE_SIGN_STYLE = Automatic;
				CURRENT_PROJECT_VERSION = 1;
				DEVELOPMENT_TEAM = V4H3G6CSTR;
				GENERATE_INFOPLIST_FILE = YES;
				MACOSX_DEPLOYMENT_TARGET = 26.0;
				MARKETING_VERSION = 1.0;
				PRODUCT_BUNDLE_IDENTIFIER = "com.dermochelys.acidwarp.macos.Acid-WarpTests";
				PRODUCT_NAME = "$(TARGET_NAME)";
				STRING_CATALOG_GENERATE_SYMBOLS = NO;
				SWIFT_EMIT_LOC_STRINGS = NO;
				TEST_HOST = "$(BUILT_PRODUCTS_DIR)/acidwarp-macos.app/$(BUNDLE_EXECUTABLE_FOLDER_PATH)/acidwarp-macos";
			};
			name = Debug;
		};
		506E5C782E91B90800F39B20 /* Release */ = {
			isa = XCBuildConfiguration;
			buildSettings = {
				BUNDLE_LOADER = "$(TEST_HOST)";
				CODE_SIGN_STYLE = Automatic;
				CURRENT_PROJECT_VERSION = 1;
				DEVELOPMENT_TEAM = V4H3G6CSTR;
				GENERATE_INFOPLIST_FILE = YES;
				MACOSX_DEPLOYMENT_TARGET = 26.0;
				MARKETING_VERSION = 1.0;
				PRODUCT_BUNDLE_IDENTIFIER = "com.dermochelys.acidwarp.macos.Acid-WarpTests";
				PRODUCT_NAME = "$(TARGET_NAME)";
				STRING_CATALOG_GENERATE_SYMBOLS = NO;
				SWIFT_EMIT_LOC_STRINGS = NO;
				TEST_HOST = "$(BUILT_PRODUCTS_DIR)/acidwarp-macos.app/$(BUNDLE_EXECUTABLE_FOLDER_PATH)/acidwarp-macos";
			};
			name = Release;
		};
		506E5C7A2E91B90800F39B20 /* Debug */ = {
			isa = XCBuildConfiguration;
			buildSettings = {
				CODE_SIGN_STYLE = Automatic;
				CURRENT_PROJECT_VERSION = 1;
				DEVELOPMENT_TEAM = V4H3G6CSTR;
				GENERATE_INFOPLIST_FILE = YES;
				MARKETING_VERSION = 1.0;
				PRODUCT_BUNDLE_IDENTIFIER = "com.dermochelys.acidwarp.macos.Acid-WarpUITests";
				PRODUCT_NAME = "$(TARGET_NAME)";
				STRING_CATALOG_GENERATE_SYMBOLS = NO;
				SWIFT_EMIT_LOC_STRINGS = NO;
				TEST_TARGET_NAME = acidwarp;
			};
			name = Debug;
		};
		506E5C7B2E91B90800F39B20 /* Release */ = {
			isa = XCBuildConfiguration;
			buildSettings = {
				CODE_SIGN_STYLE = Automatic;
				CURRENT_PROJECT_VERSION = 1;
				DEVELOPMENT_TEAM = V4H3G6CSTR;
				GENERATE_INFOPLIST_FILE = YES;
				MARKETING_VERSION = 1.0;
				PRODUCT_BUNDLE_IDENTIFIER = "com.dermochelys.acidwarp.macos.Acid-WarpUITests";
				PRODUCT_NAME = "$(TARGET_NAME)";
				STRING_CATALOG_GENERATE_SYMBOLS = NO;
				SWIFT_EMIT_LOC_STRINGS = NO;
				TEST_TARGET_NAME = acidwarp;
			};
			name = Release;
		};
/* End XCBuildConfiguration section */

/* Begin XCConfigurationList section */
		506E5C492E91B90700F39B20 /* Build configuration list for PBXProject "acidwarp-macos" */ = {
			isa = XCConfigurationList;
			buildConfigurations = (
				506E5C712E91B90800F39B20 /* Debug */,
				506E5C722E91B90800F39B20 /* Release */,
			);
			defaultConfigurationIsVisible = 0;
			defaultConfigurationName = Release;
		};
		506E5C732E91B90800F39B20 /* Build configuration list for PBXNativeTarget "acidwarp-macos" */ = {
			isa = XCConfigurationList;
			buildConfigurations = (
				506E5C742E91B90800F39B20 /* Debug */,
				506E5C752E91B90800F39B20 /* Release */,
			);
			defaultConfigurationIsVisible = 0;
			defaultConfigurationName = Release;
		};
		506E5C762E91B90800F39B20 /* Build configuration list for PBXNativeTarget "acidwarp-macosTests" */ = {
			isa = XCConfigurationList;
			buildConfigurations = (
				506E5C772E91B90800F39B20 /* Debug */,
				506E5C782E91B90800F39B20 /* Release */,
			);
			defaultConfigurationIsVisible = 0;
			defaultConfigurationName = Release;
		};
		506E5C792E91B90800F39B20 /* Build configuration list for PBXNativeTarget "acidwarp-macosUITests" */ = {
			isa = XCConfigurationList;
			buildConfigurations = (
				506E5C7A2E91B90800F39B20 /* Debug */,
				506E5C7B2E91B90800F39B20 /* Release */,
			);
			defaultConfigurationIsVisible = 0;
			defaultConfigurationName = Release;
		};
/* End XCConfigurationList section */
	};
	rootObject = 506E5C462E91B90700F39B20 /* Project object */;
}
